
Microsoft Visual Studio Solution File, Format Version 12.00
# Visual Studio Version 17
VisualStudioVersion = 17.14.36811.4
MinimumVisualStudioVersion = 10.0.40219.1
Project("{FAE04EC0-301F-11D3-BF4B-00C04F79EFBC}") = "Business", "Business\Business.csproj", "{4BB8CED8-CF4D-40EA-958F-665FF045FE7F}"
EndProject
Project("{FAE04EC0-301F-11D3-BF4B-00C04F79EFBC}") = "Core", "Core\Core.csproj", "{9DBEA2A0-DEB2-4307-A60A-558E36A5B1B9}"
EndProject
Project("{FAE04EC0-301F-11D3-BF4B-00C04F79EFBC}") = "Data", "Data\Data.csproj", "{3E3CA4DA-72AC-42BA-B558-4362DDAB0B46}"
EndProject
Project("{FAE04EC0-301F-11D3-BF4B-00C04F79EFBC}") = "Services", "Services\Services.csproj", "{107E007B-661A-4922-84AE-956A2F170603}"
EndProject
Project("{FAE04EC0-301F-11D3-BF4B-00C04F79EFBC}") = "LondonStockExchange.Tests", "LondonStockExchange.Tests\LondonStockExchange.Tests.csproj", "{7CA308C7-D1BD-4BEC-8374-5AA9DF779FFC}"
EndProject
Global
	GlobalSection(SolutionConfigurationPlatforms) = preSolution
		Debug|Any CPU = Debug|Any CPU
		Release|Any CPU = Release|Any CPU
	EndGlobalSection
	GlobalSection(ProjectConfigurationPlatforms) = postSolution
		{4BB8CED8-CF4D-40EA-958F-665FF045FE7F}.Debug|Any CPU.ActiveCfg = Debug|Any CPU
		{4BB8CED8-CF4D-40EA-958F-665FF045FE7F}.Debug|Any CPU.Build.0 = Debug|Any CPU
		{4BB8CED8-CF4D-40EA-958F-665FF045FE7F}.Release|Any CPU.ActiveCfg = Release|Any CPU
		{4BB8CED8-CF4D-40EA-958F-665FF045FE7F}.Release|Any CPU.Build.0 = Release|Any CPU
		{9DBEA2A0-DEB2-4307-A60A-558E36A5B1B9}.Debug|Any CPU.ActiveCfg = Debug|Any CPU
		{9DBEA2A0-DEB2-4307-A60A-558E36A5B1B9}.Debug|Any CPU.Build.0 = Debug|Any CPU
		{9DBEA2A0-DEB2-4307-A60A-558E36A5B1B9}.Release|Any CPU.ActiveCfg = Release|Any CPU
		{9DBEA2A0-DEB2-4307-A60A-558E36A5B1B9}.Release|Any CPU.Build.0 = Release|Any CPU
		{3E3CA4DA-72AC-42BA-B558-4362DDAB0B46}.Debug|Any CPU.ActiveCfg = Debug|Any CPU
		{3E3CA4DA-72AC-42BA-B558-4362DDAB0B46}.Debug|Any CPU.Build.0 = Debug|Any CPU
		{3E3CA4DA-72AC-42BA-B558-4362DDAB0B46}.Release|Any CPU.ActiveCfg = Release|Any CPU
		{3E3CA4DA-72AC-42BA-B558-4362DDAB0B46}.Release|Any CPU.Build.0 = Release|Any CPU
		{107E007B-661A-4922-84AE-956A2F170603}.Debug|Any CPU.ActiveCfg = Debug|Any CPU
		{107E007B-661A-4922-84AE-956A2F170603}.Debug|Any CPU.Build.0 = Debug|Any CPU
		{107E007B-661A-4922-84AE-956A2F170603}.Release|Any CPU.ActiveCfg = Release|Any CPU
		{107E007B-661A-4922-84AE-956A2F170603}.Release|Any CPU.Build.0 = Release|Any CPU
		{7CA308C7-D1BD-4BEC-8374-5AA9DF779FFC}.Debug|Any CPU.ActiveCfg = Debug|Any CPU
		{7CA308C7-D1BD-4BEC-8374-5AA9DF779FFC}.Debug|Any CPU.Build.0 = Debug|Any CPU
		{7CA308C7-D1BD-4BEC-8374-5AA9DF779FFC}.Release|Any CPU.ActiveCfg = Release|Any CPU
		{7CA308C7-D1BD-4BEC-8374-5AA9DF779FFC}.Release|Any CPU.Build.0 = Release|Any CPU
	EndGlobalSection
	GlobalSection(SolutionProperties) = preSolution
		HideSolutionNode = FALSE
	EndGlobalSection
	GlobalSection(ExtensibilityGlobals) = postSolution
		SolutionGuid = {09232267-4E8D-4417-AEA4-176A769FDE4C}
	EndGlobalSection
EndGlobal
